# This file was autogenerated by uv via the following command:
#    uv --cache-dir .uv-cache pip compile requirements.txt --offline --output-file requirements.lock
annotated-types==0.8.0
    # via pydantic
attrs==26.1.0
    # via
    #   jsonschema
    #   referencing
certifi==2026.7.22
    # via requests
charset-normalizer==3.5.1
    # via requests
idna==3.20
    # via requests
jsonschema==4.26.0
    # via -r requirements.txt
jsonschema-specifications==2025.9.1
    # via jsonschema
pydantic==2.13.5
    # via -r requirements.txt
pydantic-core==2.46.5
    # via pydantic
python-dotenv==1.2.3
    # via -r requirements.txt
pyyaml==6.0.3
    # via -r requirements.txt
referencing==0.37.0
    # via
    #   jsonschema
    #   jsonschema-specifications
requests==2.34.2
    # via -r requirements.txt
rpds-py==2026.6.3
    # via
    #   jsonschema
    #   referencing
typing-extensions==4.16.0
    # via
    #   pydantic
    #   pydantic-core
    #   referencing
    #   typing-inspection
typing-inspection==0.4.4
    # via pydantic
urllib3==2.8.0
    # via requests
